
Microsoft Visual Studio Solution File, Format Version 12.00
# Visual Studio Version 17
VisualStudioVersion = 17.8.34525.116
MinimumVisualStudioVersion = 10.0.40219.1
Project("{FAE04EC0-301F-11D3-BF4B-00C04F79EFBC}") = "виш-лист попытка 33334", "виш-лист попытка 33334.csproj", "{36C92199-1849-4DB6-8B3B-18BD6DE67128}"
EndProject
Project("{2150E333-8FDC-42A3-9474-1A3956D46DE8}") = "Элементы решения", "Элементы решения", "{E7151FE5-075B-4232-A289-26A3CAB4A5B8}"
	ProjectSection(SolutionItems) = preProject
		Convert.cs = Convert.cs
		..\..\Users\79525\Downloads\homeback.png = ..\..\Users\79525\Downloads\homeback.png
		NewWindows.xaml = NewWindows.xaml
	EndProjectSection
EndProject
Global
	GlobalSection(SolutionConfigurationPlatforms) = preSolution
		Debug|Any CPU = Debug|Any CPU
		Release|Any CPU = Release|Any CPU
	EndGlobalSection
	GlobalSection(ProjectConfigurationPlatforms) = postSolution
		{36C92199-1849-4DB6-8B3B-18BD6DE67128}.Debug|Any CPU.ActiveCfg = Debug|Any CPU
		{36C92199-1849-4DB6-8B3B-18BD6DE67128}.Debug|Any CPU.Build.0 = Debug|Any CPU
		{36C92199-1849-4DB6-8B3B-18BD6DE67128}.Release|Any CPU.ActiveCfg = Release|Any CPU
		{36C92199-1849-4DB6-8B3B-18BD6DE67128}.Release|Any CPU.Build.0 = Release|Any CPU
	EndGlobalSection
	GlobalSection(SolutionProperties) = preSolution
		HideSolutionNode = FALSE
	EndGlobalSection
	GlobalSection(ExtensibilityGlobals) = postSolution
		SolutionGuid = {9D09D9E7-E94B-4D16-B67B-80E89482BA88}
	EndGlobalSection
EndGlobal
